<?xml version="1.0" encoding="utf-8"?>
<Project ToolsVersion="17.0" xmlns="http://schemas.microsoft.com/developer/msbuild/2003">
  <ItemGroup>
    <ClCompile Include="E:\code\3016-CW2\src\base\application.cpp">
      <Filter>Source Files</Filter>
    </ClCompile>
    <ClCompile Include="E:\code\3016-CW2\src\base\camera.cpp">
      <Filter>Source Files</Filter>
    </ClCompile>
    <ClCompile Include="E:\code\3016-CW2\src\base\framebuffer.cpp">
      <Filter>Source Files</Filter>
    </ClCompile>
    <ClCompile Include="E:\code\3016-CW2\src\base\fullscreen_quad.cpp">
      <Filter>Source Files</Filter>
    </ClCompile>
    <ClCompile Include="E:\code\3016-CW2\src\base\glsl_program.cpp">
      <Filter>Source Files</Filter>
    </ClCompile>
    <ClCompile Include="E:\code\3016-CW2\src\base\skybox.cpp">
      <Filter>Source Files</Filter>
    </ClCompile>
    <ClCompile Include="E:\code\3016-CW2\src\base\texture.cpp">
      <Filter>Source Files</Filter>
    </ClCompile>
    <ClCompile Include="E:\code\3016-CW2\src\base\texture2d.cpp">
      <Filter>Source Files</Filter>
    </ClCompile>
    <ClCompile Include="E:\code\3016-CW2\src\base\texture_cubemap.cpp">
      <Filter>Source Files</Filter>
    </ClCompile>
    <ClCompile Include="E:\code\3016-CW2\src\base\transform.cpp">
      <Filter>Source Files</Filter>
    </ClCompile>
    <ClCompile Include="E:\code\3016-CW2\src\Octree.cpp">
      <Filter>Source Files</Filter>
    </ClCompile>
    <ClCompile Include="E:\code\3016-CW2\src\main.cpp">
      <Filter>Source Files</Filter>
    </ClCompile>
    <ClCompile Include="E:\code\3016-CW2\src\shader.cpp">
      <Filter>Source Files</Filter>
    </ClCompile>
    <ClCompile Include="E:\code\3016-CW2\src\shot_game.cpp">
      <Filter>Source Files</Filter>
    </ClCompile>
  </ItemGroup>
  <ItemGroup>
    <ClInclude Include="E:\code\3016-CW2\src\base\application.h">
      <Filter>Header Files</Filter>
    </ClInclude>
    <ClInclude Include="E:\code\3016-CW2\src\base\bounding_box.h">
      <Filter>Header Files</Filter>
    </ClInclude>
    <ClInclude Include="E:\code\3016-CW2\src\base\camera.h">
      <Filter>Header Files</Filter>
    </ClInclude>
    <ClInclude Include="E:\code\3016-CW2\src\base\frame_rate_indicator.h">
      <Filter>Header Files</Filter>
    </ClInclude>
    <ClInclude Include="E:\code\3016-CW2\src\base\framebuffer.h">
      <Filter>Header Files</Filter>
    </ClInclude>
    <ClInclude Include="E:\code\3016-CW2\src\base\frustum.h">
      <Filter>Header Files</Filter>
    </ClInclude>
    <ClInclude Include="E:\code\3016-CW2\src\base\fullscreen_quad.h">
      <Filter>Header Files</Filter>
    </ClInclude>
    <ClInclude Include="E:\code\3016-CW2\src\base\gl_utility.h">
      <Filter>Header Files</Filter>
    </ClInclude>
    <ClInclude Include="E:\code\3016-CW2\src\base\glsl_program.h">
      <Filter>Header Files</Filter>
    </ClInclude>
    <ClInclude Include="E:\code\3016-CW2\src\base\input.h">
      <Filter>Header Files</Filter>
    </ClInclude>
    <ClInclude Include="E:\code\3016-CW2\src\base\light.h">
      <Filter>Header Files</Filter>
    </ClInclude>
    <ClInclude Include="E:\code\3016-CW2\src\base\plane.h">
      <Filter>Header Files</Filter>
    </ClInclude>
    <ClInclude Include="E:\code\3016-CW2\src\base\sampler.h">
      <Filter>Header Files</Filter>
    </ClInclude>
    <ClInclude Include="E:\code\3016-CW2\src\base\skybox.h">
      <Filter>Header Files</Filter>
    </ClInclude>
    <ClInclude Include="E:\code\3016-CW2\src\base\stb_image_write.h">
      <Filter>Header Files</Filter>
    </ClInclude>
    <ClInclude Include="E:\code\3016-CW2\src\base\texture.h">
      <Filter>Header Files</Filter>
    </ClInclude>
    <ClInclude Include="E:\code\3016-CW2\src\base\texture2d.h">
      <Filter>Header Files</Filter>
    </ClInclude>
    <ClInclude Include="E:\code\3016-CW2\src\base\texture_cubemap.h">
      <Filter>Header Files</Filter>
    </ClInclude>
    <ClInclude Include="E:\code\3016-CW2\src\base\transform.h">
      <Filter>Header Files</Filter>
    </ClInclude>
    <ClInclude Include="E:\code\3016-CW2\src\base\uniform_buffer.h">
      <Filter>Header Files</Filter>
    </ClInclude>
    <ClInclude Include="E:\code\3016-CW2\src\base\vertex.h">
      <Filter>Header Files</Filter>
    </ClInclude>
    <ClInclude Include="E:\code\3016-CW2\src\OBJ_Loader.h">
      <Filter>Header Files</Filter>
    </ClInclude>
    <ClInclude Include="E:\code\3016-CW2\src\Octree.h">
      <Filter>Header Files</Filter>
    </ClInclude>
    <ClInclude Include="E:\code\3016-CW2\src\shader.h">
      <Filter>Header Files</Filter>
    </ClInclude>
    <ClInclude Include="E:\code\3016-CW2\src\shot_game.h">
      <Filter>Header Files</Filter>
    </ClInclude>
  </ItemGroup>
  <ItemGroup>
    <CustomBuild Include="E:\code\3016-CW2\CMakeLists.txt" />
  </ItemGroup>
  <ItemGroup>
    <Filter Include="Header Files">
      <UniqueIdentifier>{64116AB9-3B45-304C-9024-1CF8820FBC3D}</UniqueIdentifier>
    </Filter>
    <Filter Include="Source Files">
      <UniqueIdentifier>{2125166B-A9DD-35A9-B94D-F7DD6F215CE2}</UniqueIdentifier>
    </Filter>
  </ItemGroup>
</Project>
